
Microsoft Visual Studio Solution File, Format Version 12.00
Project("{FAE04EC0-301F-11D3-BF4B-00C04F79EFBC}") = "BlogApp", "BlogApp\BlogApp.csproj", "{19529938-467A-4E01-8F15-154C8EFD26D1}"
EndProject
Global
	GlobalSection(SolutionConfigurationPlatforms) = preSolution
		Debug|Any CPU = Debug|Any CPU
		Release|Any CPU = Release|Any CPU
	EndGlobalSection
	GlobalSection(ProjectConfigurationPlatforms) = postSolution
		{19529938-467A-4E01-8F15-154C8EFD26D1}.Debug|Any CPU.ActiveCfg = Debug|Any CPU
		{19529938-467A-4E01-8F15-154C8EFD26D1}.Debug|Any CPU.Build.0 = Debug|Any CPU
		{19529938-467A-4E01-8F15-154C8EFD26D1}.Release|Any CPU.ActiveCfg = Release|Any CPU
		{19529938-467A-4E01-8F15-154C8EFD26D1}.Release|Any CPU.Build.0 = Release|Any CPU
	EndGlobalSection
EndGlobal
